PODS:
  - environment_sensors (0.0.1):
    - Flutter
  - Flutter (1.0.0)

DEPENDENCIES:
  - environment_sensors (from `.symlinks/plugins/environment_sensors/ios`)
  - Flutter (from `Flutter`)

EXTERNAL SOURCES:
  environment_sensors:
    :path: ".symlinks/plugins/environment_sensors/ios"
  Flutter:
    :path: Flutter

SPEC CHECKSUMS:
  environment_sensors: fb50ac03536e9249ae0edac59b37b0b5e2a6e9e6
  Flutter: cabc95a1d2626b1b06e7179b784ebcf0c0cde467

PODFILE CHECKSUM: 0dbd5a87e0ace00c9610d2037ac22083a01f861d

COCOAPODS: 1.16.2
